
Microsoft Visual Studio Solution File, Format Version 12.00
# Visual Studio Version 16
VisualStudioVersion = 16.0.32002.261
MinimumVisualStudioVersion = 10.0.40219.1
Project("{FAE04EC0-301F-11D3-BF4B-00C04F79EFBC}") = "grade_project", "grade_project.csproj", "{190F814E-4555-4187-B2FC-50C5CC938AA8}"
EndProject
Global
	GlobalSection(SolutionConfigurationPlatforms) = preSolution
		Debug|Any CPU = Debug|Any CPU
		Release|Any CPU = Release|Any CPU
	EndGlobalSection
	GlobalSection(ProjectConfigurationPlatforms) = postSolution
		{190F814E-4555-4187-B2FC-50C5CC938AA8}.Debug|Any CPU.ActiveCfg = Debug|Any CPU
		{190F814E-4555-4187-B2FC-50C5CC938AA8}.Debug|Any CPU.Build.0 = Debug|Any CPU
		{190F814E-4555-4187-B2FC-50C5CC938AA8}.Release|Any CPU.ActiveCfg = Release|Any CPU
		{190F814E-4555-4187-B2FC-50C5CC938AA8}.Release|Any CPU.Build.0 = Release|Any CPU
	EndGlobalSection
	GlobalSection(SolutionProperties) = preSolution
		HideSolutionNode = FALSE
	EndGlobalSection
	GlobalSection(ExtensibilityGlobals) = postSolution
		SolutionGuid = {0FAD36BE-588E-46F5-90FD-B619370557F8}
	EndGlobalSection
EndGlobal
